
Microsoft Visual Studio Solution File, Format Version 12.00
# Visual Studio Version 17
VisualStudioVersion = 17.7.34202.233
MinimumVisualStudioVersion = 10.0.40219.1
Project("{FAE04EC0-301F-11D3-BF4B-00C04F79EFBC}") = "ecommerce", "ecommerce\ecommerce.csproj", "{59DB558C-0640-4F32-9445-2624697C877D}"
EndProject
Global
	GlobalSection(SolutionConfigurationPlatforms) = preSolution
		Debug|Any CPU = Debug|Any CPU
		Release|Any CPU = Release|Any CPU
	EndGlobalSection
	GlobalSection(ProjectConfigurationPlatforms) = postSolution
		{59DB558C-0640-4F32-9445-2624697C877D}.Debug|Any CPU.ActiveCfg = Debug|Any CPU
		{59DB558C-0640-4F32-9445-2624697C877D}.Debug|Any CPU.Build.0 = Debug|Any CPU
		{59DB558C-0640-4F32-9445-2624697C877D}.Release|Any CPU.ActiveCfg = Release|Any CPU
		{59DB558C-0640-4F32-9445-2624697C877D}.Release|Any CPU.Build.0 = Release|Any CPU
	EndGlobalSection
	GlobalSection(SolutionProperties) = preSolution
		HideSolutionNode = FALSE
	EndGlobalSection
	GlobalSection(ExtensibilityGlobals) = postSolution
		SolutionGuid = {9B5ADE21-4960-4F41-8E5E-0A7DC5616257}
	EndGlobalSection
EndGlobal
